
Microsoft Visual Studio Solution File, Format Version 12.00
# Visual Studio Version 16
VisualStudioVersion = 16.0.29001.49
MinimumVisualStudioVersion = 10.0.40219.1
Project("{FAE04EC0-301F-11D3-BF4B-00C04F79EFBC}") = "ConsoleApp2", "ConsoleApp2.csproj", "{420E2A3D-0F9F-47D9-BFBE-B6F3E57D1461}"
EndProject
Global
	GlobalSection(SolutionConfigurationPlatforms) = preSolution
		Debug|Any CPU = Debug|Any CPU
		Release|Any CPU = Release|Any CPU
	EndGlobalSection
	GlobalSection(ProjectConfigurationPlatforms) = postSolution
		{420E2A3D-0F9F-47D9-BFBE-B6F3E57D1461}.Debug|Any CPU.ActiveCfg = Debug|Any CPU
		{420E2A3D-0F9F-47D9-BFBE-B6F3E57D1461}.Debug|Any CPU.Build.0 = Debug|Any CPU
		{420E2A3D-0F9F-47D9-BFBE-B6F3E57D1461}.Release|Any CPU.ActiveCfg = Release|Any CPU
		{420E2A3D-0F9F-47D9-BFBE-B6F3E57D1461}.Release|Any CPU.Build.0 = Release|Any CPU
	EndGlobalSection
	GlobalSection(SolutionProperties) = preSolution
		HideSolutionNode = FALSE
	EndGlobalSection
	GlobalSection(ExtensibilityGlobals) = postSolution
		SolutionGuid = {AD39CDEA-C643-41F0-8986-6BABF069D3CB}
	EndGlobalSection
EndGlobal
