
Microsoft Visual Studio Solution File, Format Version 12.00
# Visual Studio 15
VisualStudioVersion = 15.0.26730.8
MinimumVisualStudioVersion = 10.0.40219.1
Project("{FAE04EC0-301F-11D3-BF4B-00C04F79EFBC}") = "FirstApp", "FirstApp\FirstApp.csproj", "{9728816B-C127-458C-9B1C-2C024A168B9A}"
EndProject
Global
	GlobalSection(SolutionConfigurationPlatforms) = preSolution
		Debug|Any CPU = Debug|Any CPU
		Release|Any CPU = Release|Any CPU
	EndGlobalSection
	GlobalSection(ProjectConfigurationPlatforms) = postSolution
		{9728816B-C127-458C-9B1C-2C024A168B9A}.Debug|Any CPU.ActiveCfg = Debug|Any CPU
		{9728816B-C127-458C-9B1C-2C024A168B9A}.Debug|Any CPU.Build.0 = Debug|Any CPU
		{9728816B-C127-458C-9B1C-2C024A168B9A}.Release|Any CPU.ActiveCfg = Release|Any CPU
		{9728816B-C127-458C-9B1C-2C024A168B9A}.Release|Any CPU.Build.0 = Release|Any CPU
	EndGlobalSection
	GlobalSection(SolutionProperties) = preSolution
		HideSolutionNode = FALSE
	EndGlobalSection
	GlobalSection(ExtensibilityGlobals) = postSolution
		SolutionGuid = {A77F9F9E-E8FC-42EA-AD88-A86E0028F989}
	EndGlobalSection
EndGlobal
